{
  "version": 4,
  "terraform_version": "1.5.7",
  "serial": 13,
  "lineage": "335631e6-13c1-d5f4-026c-60bb586db378",
  "outputs": {},
  "resources": [
    {
      "mode": "managed",
      "type": "proxmox_vm_qemu",
      "name": "your-vm",
      "provider": "provider[\"registry.terraform.io/telmate/proxmox\"]",
      "instances": [
        {
          "status": "tainted",
          "schema_version": 0,
          "attributes": {
            "additional_wait": 5,
            "agent": 1,
            "agent_timeout": null,
            "args": "",
            "automatic_reboot": true,
            "balloon": 0,
            "bios": "seabios",
            "boot": "order=net0",
            "bootdisk": "",
            "ci_wait": null,
            "cicustom": "",
            "cipassword": "",
            "ciuser": "ubuntu",
            "clone": "ubuntu-template",
            "clone_wait": 10,
            "cores": 2,
            "cpu": "host",
            "default_ipv4_address": "",
            "default_ipv6_address": "",
            "define_connection_info": true,
            "desc": "First deployment",
            "disks": [],
            "efidisk": [],
            "force_create": false,
            "force_recreate_on_change_of": null,
            "full_clone": true,
            "hagroup": "",
            "hastate": "",
            "hostpci": [],
            "hotplug": "network,disk,usb",
            "id": "vm/qemu/105",
            "ipconfig0": "ip=dhcp",
            "ipconfig1": "",
            "ipconfig10": "",
            "ipconfig11": "",
            "ipconfig12": "",
            "ipconfig13": "",
            "ipconfig14": "",
            "ipconfig15": "",
            "ipconfig2": "",
            "ipconfig3": "",
            "ipconfig4": "",
            "ipconfig5": "",
            "ipconfig6": "",
            "ipconfig7": "",
            "ipconfig8": "",
            "ipconfig9": "",
            "kvm": true,
            "linked_vmid": 0,
            "machine": "",
            "memory": 1024,
            "name": "tf-node-1",
            "nameserver": "",
            "network": [
              {
                "bridge": "vmbr0",
                "firewall": false,
                "link_down": false,
                "macaddr": "06:6C:41:6E:7C:AA",
                "model": "virtio",
                "mtu": 0,
                "queues": 0,
                "rate": 0,
                "tag": -1
              }
            ],
            "numa": false,
            "onboot": true,
            "os_network_config": null,
            "os_type": "cloud-init",
            "pool": "",
            "protection": false,
            "pxe": null,
            "qemu_os": "l26",
            "reboot_required": false,
            "scsihw": "lsi",
            "searchdomain": "",
            "serial": [],
            "skip_ipv4": false,
            "skip_ipv6": false,
            "smbios": [
              {
                "family": "",
                "manufacturer": "",
                "product": "",
                "serial": "",
                "sku": "",
                "uuid": "85f99400-814d-4ef1-afd6-b3b9b585b925",
                "version": ""
              }
            ],
            "sockets": 1,
            "ssh_forward_ip": null,
            "ssh_host": "",
            "ssh_port": "22",
            "ssh_private_key": null,
            "ssh_user": null,
            "sshkeys": "    ssh-rsa AAAAB3NzaC1yc2EAAAADAQABAAACAQDLLb/a9GAVPcUPVFSqt3+deTCdVcZU/umxZKFtrvbP/FCjmTEDWRIEe6q90wlyHTaRhAjCsGtBs1sVLm9qBh+E1v9NGW/JqBKPgezB3a7K/jrv/Wzli5Pxeg4vPuhG9BdPBCy1pOoO3MnzLai4IRTBgsOR6GSMrs/oi0YXoCRMxdYPyzzSfRUGMjmTJi4SAPX51OJhaI/AooKVulnmvBAspDuectZVvqYg886DkRPecUfeLg0v30s//bfcN4qu27Bffgw+KBIs2uTAnm3Su5BTeuCcA4te4D+1jw+Eq0VV4MrwgPMAKcFugWlMi7wu3Y1ySDtc67t0fDQue6l0XQlqek601W9JZIn7pyeX2Qp1Jee4QTIiJzuhOgwdQeuZvv8D3kbIN+B6Md3Kb64pl/Za3fPhez10W14m0MpNgMwgUMjtZaQjMQ0NrAUazUwYiTA1c/z1iDwEn63virkADyYp4T6K9YefMt2ysl+3kvLor8n39mDuFSDTt4c8at2wycA9JM3PNkLRuJAdabddOC60B3tfnfe8jLw+/IWW7/YmgNjPY68pbICJqY4DxMeKAqvjX9LeJ2CrCWw3lkoJ9x2e2TWUPELf/Q2YlmkxaL9eI3sQjwH4cMrkEZOBbZ5zVXfGo/1600MR5yN7j/iqREgaL3vx3j1sSE7KyRrUf613hw== jelcano@jelcanos-MacBook-Air.local\n\n",
            "startup": "",
            "tablet": true,
            "tags": "",
            "target_node": "vm",
            "target_nodes": null,
            "timeouts": null,
            "unused_disk": [
              {
                "file": "vm-105-disk-0",
                "slot": 0,
                "storage": "local-lvm"
              }
            ],
            "usb": [],
            "vcpus": 0,
            "vga": [],
            "vm_state": "running",
            "vmid": 105
          },
          "sensitive_attributes": [],
          "private": "eyJlMmJmYjczMC1lY2FhLTExZTYtOGY4OC0zNDM2M2JjN2M0YzAiOnsiY3JlYXRlIjoxMjAwMDAwMDAwMDAwLCJkZWZhdWx0IjoxMjAwMDAwMDAwMDAwLCJkZWxldGUiOjEyMDAwMDAwMDAwMDAsInJlYWQiOjEyMDAwMDAwMDAwMDAsInVwZGF0ZSI6MTIwMDAwMDAwMDAwMH19"
        }
      ]
    }
  ],
  "check_results": null
}
